
Microsoft Visual Studio Solution File, Format Version 11.00
# Visual Studio 2010
Project("{FAE04EC0-301F-11D3-BF4B-00C04F79EFBC}") = "Assembly-CSharp", "Assembly-CSharp.csproj", "{b9cdfb0b-9a78-a1a0-711e-84fb2b0565e7}"
EndProject
Project("{FAE04EC0-301F-11D3-BF4B-00C04F79EFBC}") = "Assembly-CSharp-Editor", "Assembly-CSharp-Editor.csproj", "{0950a589-d0ab-1e0b-d9b2-3857f1b90dd4}"
EndProject
Global
	GlobalSection(SolutionConfigurationPlatforms) = preSolution
		Debug|Any CPU = Debug|Any CPU
	EndGlobalSection
	GlobalSection(ProjectConfigurationPlatforms) = postSolution
		{b9cdfb0b-9a78-a1a0-711e-84fb2b0565e7}.Debug|Any CPU.ActiveCfg = Debug|Any CPU
		{b9cdfb0b-9a78-a1a0-711e-84fb2b0565e7}.Debug|Any CPU.Build.0 = Debug|Any CPU
		{0950a589-d0ab-1e0b-d9b2-3857f1b90dd4}.Debug|Any CPU.ActiveCfg = Debug|Any CPU
		{0950a589-d0ab-1e0b-d9b2-3857f1b90dd4}.Debug|Any CPU.Build.0 = Debug|Any CPU
	EndGlobalSection
	GlobalSection(SolutionProperties) = preSolution
		HideSolutionNode = FALSE
	EndGlobalSection
EndGlobal
